
Microsoft Visual Studio Solution File, Format Version 12.00
# Visual Studio Version 17
VisualStudioVersion = 17.7.34221.43
MinimumVisualStudioVersion = 10.0.40219.1
Project("{FAE04EC0-301F-11D3-BF4B-00C04F79EFBC}") = "Laboratory work", "Laboratory work\Laboratory work.csproj", "{04D3E9CF-20FA-401D-96BD-AE2BCA5C0A02}"
EndProject
Global
	GlobalSection(SolutionConfigurationPlatforms) = preSolution
		Debug|Any CPU = Debug|Any CPU
		Release|Any CPU = Release|Any CPU
	EndGlobalSection
	GlobalSection(ProjectConfigurationPlatforms) = postSolution
		{04D3E9CF-20FA-401D-96BD-AE2BCA5C0A02}.Debug|Any CPU.ActiveCfg = Debug|Any CPU
		{04D3E9CF-20FA-401D-96BD-AE2BCA5C0A02}.Debug|Any CPU.Build.0 = Debug|Any CPU
		{04D3E9CF-20FA-401D-96BD-AE2BCA5C0A02}.Release|Any CPU.ActiveCfg = Release|Any CPU
		{04D3E9CF-20FA-401D-96BD-AE2BCA5C0A02}.Release|Any CPU.Build.0 = Release|Any CPU
	EndGlobalSection
	GlobalSection(SolutionProperties) = preSolution
		HideSolutionNode = FALSE
	EndGlobalSection
	GlobalSection(ExtensibilityGlobals) = postSolution
		SolutionGuid = {78E1F69F-DA58-4B94-AD5E-7F8B81AD2451}
	EndGlobalSection
EndGlobal
